// !$*UTF8*$!
{
	archiveVersion = 1;
	classes = {
	};
	objectVersion = 50;
	objects = {

/* Begin PBXBuildFile section */
		49559D95219CEFE00010FDE0 /* AppDelegate.swift in Sources */ = {isa = PBXBuildFile; fileRef = 49559D94219CEFE00010FDE0 /* AppDelegate.swift */; };
		49559D97219CEFE00010FDE0 /* ViewController.swift in Sources */ = {isa = PBXBuildFile; fileRef = 49559D96219CEFE00010FDE0 /* ViewController.swift */; };
		49559D9A219CEFE00010FDE0 /* Main.storyboard in Resources */ = {isa = PBXBuildFile; fileRef = 49559D98219CEFE00010FDE0 /* Main.storyboard */; };
		49559D9C219CEFE20010FDE0 /* Assets.xcassets in Resources */ = {isa = PBXBuildFile; fileRef = 49559D9B219CEFE20010FDE0 /* Assets.xcassets */; };
		49559D9F219CEFE20010FDE0 /* LaunchScreen.storyboard in Resources */ = {isa = PBXBuildFile; fileRef = 49559D9D219CEFE20010FDE0 /* LaunchScreen.storyboard */; };
		49559DAA219CEFE20010FDE0 /* ShareMeTests.swift in Sources */ = {isa = PBXBuildFile; fileRef = 49559DA9219CEFE20010FDE0 /* ShareMeTests.swift */; };
		49559DB5219CEFE20010FDE0 /* ShareMeUITests.swift in Sources */ = {isa = PBXBuildFile; fileRef = 49559DB4219CEFE20010FDE0 /* ShareMeUITests.swift */; };
/* End PBXBuildFile section */

/* Begin PBXContainerItemProxy section */
		49559DA6219CEFE20010FDE0 /* PBXContainerItemProxy */ = {
			isa = PBXContainerItemProxy;
			containerPortal = 49559D89219CEFE00010FDE0 /* Project object */;
			proxyType = 1;
			remoteGlobalIDString = 49559D90219CEFE00010FDE0;
			remoteInfo = ShareMe;
		};
		49559DB1219CEFE20010FDE0 /* PBXContainerItemProxy */ = {
			isa = PBXContainerItemProxy;
			containerPortal = 49559D89219CEFE00010FDE0 /* Project object */;
			proxyType = 1;
			remoteGlobalIDString = 49559D90219CEFE00010FDE0;
			remoteInfo = ShareMe;
		};
/* End PBXContainerItemProxy section */

/* Begin PBXFileReference section */
		49559D91219CEFE00010FDE0 /* ShareMe.app */ = {isa = PBXFileReference; explicitFileType = wrapper.application; includeInIndex = 0; path = ShareMe.app; sourceTree = BUILT_PRODUCTS_DIR; };
		49559D94219CEFE00010FDE0 /* AppDelegate.swift */ = {isa = PBXFileReference; lastKnownFileType = sourcecode.swift; path = AppDelegate.swift; sourceTree = "<group>"; };
		49559D96219CEFE00010FDE0 /* ViewController.swift */ = {isa = PBXFileReference; lastKnownFileType = sourcecode.swift; path = ViewController.swift; sourceTree = "<group>"; };
		49559D99219CEFE00010FDE0 /* Base */ = {isa = PBXFileReference; lastKnownFileType = file.storyboard; name = Base; path = Base.lproj/Main.storyboard; sourceTree = "<group>"; };
		49559D9B219CEFE20010FDE0 /* Assets.xcassets */ = {isa = PBXFileReference; lastKnownFileType = folder.assetcatalog; path = Assets.xcassets; sourceTree = "<group>"; };
		49559D9E219CEFE20010FDE0 /* Base */ = {isa = PBXFileReference; lastKnownFileType = file.storyboard; name = Base; path = Base.lproj/LaunchScreen.storyboard; sourceTree = "<group>"; };
		49559DA0219CEFE20010FDE0 /* Info.plist */ = {isa = PBXFileReference; lastKnownFileType = text.plist.xml; path = Info.plist; sourceTree = "<group>"; };
		49559DA5219CEFE20010FDE0 /* ShareMeTests.xctest */ = {isa = PBXFileReference; explicitFileType = wrapper.cfbundle; includeInIndex = 0; path = ShareMeTests.xctest; sourceTree = BUILT_PRODUCTS_DIR; };
		49559DA9219CEFE20010FDE0 /* ShareMeTests.swift */ = {isa = PBXFileReference; lastKnownFileType = sourcecode.swift; path = ShareMeTests.swift; sourceTree = "<group>"; };
		49559DAB219CEFE20010FDE0 /* Info.plist */ = {isa = PBXFileReference; lastKnownFileType = text.plist.xml; path = Info.plist; sourceTree = "<group>"; };
		49559DB0219CEFE20010FDE0 /* ShareMeUITests.xctest */ = {isa = PBXFileReference; explicitFileType = wrapper.cfbundle; includeInIndex = 0; path = ShareMeUITests.xctest; sourceTree = BUILT_PRODUCTS_DIR; };
		49559DB4219CEFE20010FDE0 /* ShareMeUITests.swift */ = {isa = PBXFileReference; lastKnownFileType = sourcecode.swift; path = ShareMeUITests.swift; sourceTree = "<group>"; };
		49559DB6219CEFE20010FDE0 /* Info.plist */ = {isa = PBXFileReference; lastKnownFileType = text.plist.xml; path = Info.plist; sourceTree = "<group>"; };
/* End PBXFileReference section */

/* Begin PBXFrameworksBuildPhase section */
		49559D8E219CEFE00010FDE0 /* Frameworks */ = {
			isa = PBXFrameworksBuildPhase;
			buildActionMask = 2147483647;
			files = (
			);
			runOnlyForDeploymentPostprocessing = 0;
		};
		49559DA2219CEFE20010FDE0 /* Frameworks */ = {
			isa = PBXFrameworksBuildPhase;
			buildActionMask = 2147483647;
			files = (
			);
			runOnlyForDeploymentPostprocessing = 0;
		};
		49559DAD219CEFE20010FDE0 /* Frameworks */ = {
			isa = PBXFrameworksBuildPhase;
			buildActionMask = 2147483647;
			files = (
			);
			runOnlyForDeploymentPostprocessing = 0;
		};
/* End PBXFrameworksBuildPhase section */

/* Begin PBXGroup section */
		49559D88219CEFE00010FDE0 = {
			isa = PBXGroup;
			children = (
				49559D93219CEFE00010FDE0 /* ShareMe */,
				49559DA8219CEFE20010FDE0 /* ShareMeTests */,
				49559DB3219CEFE20010FDE0 /* ShareMeUITests */,
				49559D92219CEFE00010FDE0 /* Products */,
			);
			sourceTree = "<group>";
		};
		49559D92219CEFE00010FDE0 /* Products */ = {
			isa = PBXGroup;
			children = (
				49559D91219CEFE00010FDE0 /* ShareMe.app */,
				49559DA5219CEFE20010FDE0 /* ShareMeTests.xctest */,
				49559DB0219CEFE20010FDE0 /* ShareMeUITests.xctest */,
			);
			name = Products;
			sourceTree = "<group>";
		};
		49559D93219CEFE00010FDE0 /* ShareMe */ = {
			isa = PBXGroup;
			children = (
				49559D94219CEFE00010FDE0 /* AppDelegate.swift */,
				49559D96219CEFE00010FDE0 /* ViewController.swift */,
				49559D98219CEFE00010FDE0 /* Main.storyboard */,
				49559D9B219CEFE20010FDE0 /* Assets.xcassets */,
				49559D9D219CEFE20010FDE0 /* LaunchScreen.storyboard */,
				49559DA0219CEFE20010FDE0 /* Info.plist */,
			);
			path = ShareMe;
			sourceTree = "<group>";
		};
		49559DA8219CEFE20010FDE0 /* ShareMeTests */ = {
			isa = PBXGroup;
			children = (
				49559DA9219CEFE20010FDE0 /* ShareMeTests.swift */,
				49559DAB219CEFE20010FDE0 /* Info.plist */,
			);
			path = ShareMeTests;
			sourceTree = "<group>";
		};
		49559DB3219CEFE20010FDE0 /* ShareMeUITests */ = {
			isa = PBXGroup;
			children = (
				49559DB4219CEFE20010FDE0 /* ShareMeUITests.swift */,
				49559DB6219CEFE20010FDE0 /* Info.plist */,
			);
			path = ShareMeUITests;
			sourceTree = "<group>";
		};
/* End PBXGroup section */

/* Begin PBXNativeTarget section */
		49559D90219CEFE00010FDE0 /* ShareMe */ = {
			isa = PBXNativeTarget;
			buildConfigurationList = 49559DB9219CEFE20010FDE0 /* Build configuration list for PBXNativeTarget "ShareMe" */;
			buildPhases = (
				49559D8D219CEFE00010FDE0 /* Sources */,
				49559D8E219CEFE00010FDE0 /* Frameworks */,
				49559D8F219CEFE00010FDE0 /* Resources */,
			);
			buildRules = (
			);
			dependencies = (
			);
			name = ShareMe;
			productName = ShareMe;
			productReference = 49559D91219CEFE00010FDE0 /* ShareMe.app */;
			productType = "com.apple.product-type.application";
		};
		49559DA4219CEFE20010FDE0 /* ShareMeTests */ = {
			isa = PBXNativeTarget;
			buildConfigurationList = 49559DBC219CEFE20010FDE0 /* Build configuration list for PBXNativeTarget "ShareMeTests" */;
			buildPhases = (
				49559DA1219CEFE20010FDE0 /* Sources */,
				49559DA2219CEFE20010FDE0 /* Frameworks */,
				49559DA3219CEFE20010FDE0 /* Resources */,
			);
			buildRules = (
			);
			dependencies = (
				49559DA7219CEFE20010FDE0 /* PBXTargetDependency */,
			);
			name = ShareMeTests;
			productName = ShareMeTests;
			productReference = 49559DA5219CEFE20010FDE0 /* ShareMeTests.xctest */;
			productType = "com.apple.product-type.bundle.unit-test";
		};
		49559DAF219CEFE20010FDE0 /* ShareMeUITests */ = {
			isa = PBXNativeTarget;
			buildConfigurationList = 49559DBF219CEFE20010FDE0 /* Build configuration list for PBXNativeTarget "ShareMeUITests" */;
			buildPhases = (
				49559DAC219CEFE20010FDE0 /* Sources */,
				49559DAD219CEFE20010FDE0 /* Frameworks */,
				49559DAE219CEFE20010FDE0 /* Resources */,
			);
			buildRules = (
			);
			dependencies = (
				49559DB2219CEFE20010FDE0 /* PBXTargetDependency */,
			);
			name = ShareMeUITests;
			productName = ShareMeUITests;
			productReference = 49559DB0219CEFE20010FDE0 /* ShareMeUITests.xctest */;
			productType = "com.apple.product-type.bundle.ui-testing";
		};
/* End PBXNativeTarget section */

/* Begin PBXProject section */
		49559D89219CEFE00010FDE0 /* Project object */ = {
			isa = PBXProject;
			attributes = {
				LastSwiftUpdateCheck = 0930;
				LastUpgradeCheck = 0930;
				ORGANIZATIONNAME = "Julian Garcia";
				TargetAttributes = {
					49559D90219CEFE00010FDE0 = {
						CreatedOnToolsVersion = 9.3;
					};
					49559DA4219CEFE20010FDE0 = {
						CreatedOnToolsVersion = 9.3;
						TestTargetID = 49559D90219CEFE00010FDE0;
					};
					49559DAF219CEFE20010FDE0 = {
						CreatedOnToolsVersion = 9.3;
						TestTargetID = 49559D90219CEFE00010FDE0;
					};
				};
			};
			buildConfigurationList = 49559D8C219CEFE00010FDE0 /* Build configuration list for PBXProject "ShareMe" */;
			compatibilityVersion = "Xcode 9.3";
			developmentRegion = en;
			hasScannedForEncodings = 0;
			knownRegions = (
				en,
				Base,
			);
			mainGroup = 49559D88219CEFE00010FDE0;
			productRefGroup = 49559D92219CEFE00010FDE0 /* Products */;
			projectDirPath = "";
			projectRoot = "";
			targets = (
				49559D90219CEFE00010FDE0 /* ShareMe */,
				49559DA4219CEFE20010FDE0 /* ShareMeTests */,
				49559DAF219CEFE20010FDE0 /* ShareMeUITests */,
			);
		};
/* End PBXProject section */

/* Begin PBXResourcesBuildPhase section */
		49559D8F219CEFE00010FDE0 /* Resources */ = {
			isa = PBXResourcesBuildPhase;
			buildActionMask = 2147483647;
			files = (
				49559D9F219CEFE20010FDE0 /* LaunchScreen.storyboard in Resources */,
				49559D9C219CEFE20010FDE0 /* Assets.xcassets in Resources */,
				49559D9A219CEFE00010FDE0 /* Main.storyboard in Resources */,
			);
			runOnlyForDeploymentPostprocessing = 0;
		};
		49559DA3219CEFE20010FDE0 /* Resources */ = {
			isa = PBXResourcesBuildPhase;
			buildActionMask = 2147483647;
			files = (
			);
			runOnlyForDeploymentPostprocessing = 0;
		};
		49559DAE219CEFE20010FDE0 /* Resources */ = {
			isa = PBXResourcesBuildPhase;
			buildActionMask = 2147483647;
			files = (
			);
			runOnlyForDeploymentPostprocessing = 0;
		};
/* End PBXResourcesBuildPhase section */

/* Begin PBXSourcesBuildPhase section */
		49559D8D219CEFE00010FDE0 /* Sources */ = {
			isa = PBXSourcesBuildPhase;
			buildActionMask = 2147483647;
			files = (
				49559D97219CEFE00010FDE0 /* ViewController.swift in Sources */,
				49559D95219CEFE00010FDE0 /* AppDelegate.swift in Sources */,
			);
			runOnlyForDeploymentPostprocessing = 0;
		};
		49559DA1219CEFE20010FDE0 /* Sources */ = {
			isa = PBXSourcesBuildPhase;
			buildActionMask = 2147483647;
			files = (
				49559DAA219CEFE20010FDE0 /* ShareMeTests.swift in Sources */,
			);
			runOnlyForDeploymentPostprocessing = 0;
		};
		49559DAC219CEFE20010FDE0 /* Sources */ = {
			isa = PBXSourcesBuildPhase;
			buildActionMask = 2147483647;
			files = (
				49559DB5219CEFE20010FDE0 /* ShareMeUITests.swift in Sources */,
			);
			runOnlyForDeploymentPostprocessing = 0;
		};
/* End PBXSourcesBuildPhase section */

/* Begin PBXTargetDependency section */
		49559DA7219CEFE20010FDE0 /* PBXTargetDependency */ = {
			isa = PBXTargetDependency;
			target = 49559D90219CEFE00010FDE0 /* ShareMe */;
			targetProxy = 49559DA6219CEFE20010FDE0 /* PBXContainerItemProxy */;
		};
		49559DB2219CEFE20010FDE0 /* PBXTargetDependency */ = {
			isa = PBXTargetDependency;
			target = 49559D90219CEFE00010FDE0 /* ShareMe */;
			targetProxy = 49559DB1219CEFE20010FDE0 /* PBXContainerItemProxy */;
		};
/* End PBXTargetDependency section */

/* Begin PBXVariantGroup section */
		49559D98219CEFE00010FDE0 /* Main.storyboard */ = {
			isa = PBXVariantGroup;
			children = (
				49559D99219CEFE00010FDE0 /* Base */,
			);
			name = Main.storyboard;
			sourceTree = "<group>";
		};
		49559D9D219CEFE20010FDE0 /* LaunchScreen.storyboard */ = {
			isa = PBXVariantGroup;
			children = (
				49559D9E219CEFE20010FDE0 /* Base */,
			);
			name = LaunchScreen.storyboard;
			sourceTree = "<group>";
		};
/* End PBXVariantGroup section */

/* Begin XCBuildConfiguration section */
		49559DB7219CEFE20010FDE0 /* Debug */ = {
			isa = XCBuildConfiguration;
			buildSettings = {
				ALWAYS_SEARCH_USER_PATHS = NO;
				CLANG_ANALYZER_NONNULL = YES;
				CLANG_ANALYZER_NUMBER_OBJECT_CONVERSION = YES_AGGRESSIVE;
				CLANG_CXX_LANGUAGE_STANDARD = "gnu++14";
				CLANG_CXX_LIBRARY = "libc++";
				CLANG_ENABLE_MODULES = YES;
				CLANG_ENABLE_OBJC_ARC = YES;
				CLANG_ENABLE_OBJC_WEAK = YES;
				CLANG_WARN_BLOCK_CAPTURE_AUTORELEASING = YES;
				CLANG_WARN_BOOL_CONVERSION = YES;
				CLANG_WARN_COMMA = YES;
				CLANG_WARN_CONSTANT_CONVERSION = YES;
				CLANG_WARN_DEPRECATED_OBJC_IMPLEMENTATIONS = YES;
				CLANG_WARN_DIRECT_OBJC_ISA_USAGE = YES_ERROR;
				CLANG_WARN_DOCUMENTATION_COMMENTS = YES;
				CLANG_WARN_EMPTY_BODY = YES;
				CLANG_WARN_ENUM_CONVERSION = YES;
				CLANG_WARN_INFINITE_RECURSION = YES;
				CLANG_WARN_INT_CONVERSION = YES;
				CLANG_WARN_NON_LITERAL_NULL_CONVERSION = YES;
				CLANG_WARN_OBJC_IMPLICIT_RETAIN_SELF = YES;
				CLANG_WARN_OBJC_LITERAL_CONVERSION = YES;
				CLANG_WARN_OBJC_ROOT_CLASS = YES_ERROR;
				CLANG_WARN_RANGE_LOOP_ANALYSIS = YES;
				CLANG_WARN_STRICT_PROTOTYPES = YES;
				CLANG_WARN_SUSPICIOUS_MOVE = YES;
				CLANG_WARN_UNGUARDED_AVAILABILITY = YES_AGGRESSIVE;
				CLANG_WARN_UNREACHABLE_CODE = YES;
				CLANG_WARN__DUPLICATE_METHOD_MATCH = YES;
				CODE_SIGN_IDENTITY = "iPhone Developer";
				COPY_PHASE_STRIP = NO;
				DEBUG_INFORMATION_FORMAT = dwarf;
				ENABLE_STRICT_OBJC_MSGSEND = YES;
				ENABLE_TESTABILITY = YES;
				GCC_C_LANGUAGE_STANDARD = gnu11;
				GCC_DYNAMIC_NO_PIC = NO;
				GCC_NO_COMMON_BLOCKS = YES;
				GCC_OPTIMIZATION_LEVEL = 0;
				GCC_PREPROCESSOR_DEFINITIONS = (
					"DEBUG=1",
					"$(inherited)",
				);
				GCC_WARN_64_TO_32_BIT_CONVERSION = YES;
				GCC_WARN_ABOUT_RETURN_TYPE = YES_ERROR;
				GCC_WARN_UNDECLARED_SELECTOR = YES;
				GCC_WARN_UNINITIALIZED_AUTOS = YES_AGGRESSIVE;
				GCC_WARN_UNUSED_FUNCTION = YES;
				GCC_WARN_UNUSED_VARIABLE = YES;
				IPHONEOS_DEPLOYMENT_TARGET = 11.3;
				MTL_ENABLE_DEBUG_INFO = YES;
				ONLY_ACTIVE_ARCH = YES;
				SDKROOT = iphoneos;
				SWIFT_ACTIVE_COMPILATION_CONDITIONS = DEBUG;
				SWIFT_OPTIMIZATION_LEVEL = "-Onone";
			};
			name = Debug;
		};
		49559DB8219CEFE20010FDE0 /* Release */ = {
			isa = XCBuildConfiguration;
			buildSettings = {
				ALWAYS_SEARCH_USER_PATHS = NO;
				CLANG_ANALYZER_NONNULL = YES;
				CLANG_ANALYZER_NUMBER_OBJECT_CONVERSION = YES_AGGRESSIVE;
				CLANG_CXX_LANGUAGE_STANDARD = "gnu++14";
				CLANG_CXX_LIBRARY = "libc++";
				CLANG_ENABLE_MODULES = YES;
				CLANG_ENABLE_OBJC_ARC = YES;
				CLANG_ENABLE_OBJC_WEAK = YES;
				CLANG_WARN_BLOCK_CAPTURE_AUTORELEASING = YES;
				CLANG_WARN_BOOL_CONVERSION = YES;
				CLANG_WARN_COMMA = YES;
				CLANG_WARN_CONSTANT_CONVERSION = YES;
				CLANG_WARN_DEPRECATED_OBJC_IMPLEMENTATIONS = YES;
				CLANG_WARN_DIRECT_OBJC_ISA_USAGE = YES_ERROR;
				CLANG_WARN_DOCUMENTATION_COMMENTS = YES;
				CLANG_WARN_EMPTY_BODY = YES;
				CLANG_WARN_ENUM_CONVERSION = YES;
				CLANG_WARN_INFINITE_RECURSION = YES;
				CLANG_WARN_INT_CONVERSION = YES;
				CLANG_WARN_NON_LITERAL_NULL_CONVERSION = YES;
				CLANG_WARN_OBJC_IMPLICIT_RETAIN_SELF = YES;
				CLANG_WARN_OBJC_LITERAL_CONVERSION = YES;
				CLANG_WARN_OBJC_ROOT_CLASS = YES_ERROR;
				CLANG_WARN_RANGE_LOOP_ANALYSIS = YES;
				CLANG_WARN_STRICT_PROTOTYPES = YES;
				CLANG_WARN_SUSPICIOUS_MOVE = YES;
				CLANG_WARN_UNGUARDED_AVAILABILITY = YES_AGGRESSIVE;
				CLANG_WARN_UNREACHABLE_CODE = YES;
				CLANG_WARN__DUPLICATE_METHOD_MATCH = YES;
				CODE_SIGN_IDENTITY = "iPhone Developer";
				COPY_PHASE_STRIP = NO;
				DEBUG_INFORMATION_FORMAT = "dwarf-with-dsym";
				ENABLE_NS_ASSERTIONS = NO;
				ENABLE_STRICT_OBJC_MSGSEND = YES;
				GCC_C_LANGUAGE_STANDARD = gnu11;
				GCC_NO_COMMON_BLOCKS = YES;
				GCC_WARN_64_TO_32_BIT_CONVERSION = YES;
				GCC_WARN_ABOUT_RETURN_TYPE = YES_ERROR;
				GCC_WARN_UNDECLARED_SELECTOR = YES;
				GCC_WARN_UNINITIALIZED_AUTOS = YES_AGGRESSIVE;
				GCC_WARN_UNUSED_FUNCTION = YES;
				GCC_WARN_UNUSED_VARIABLE = YES;
				IPHONEOS_DEPLOYMENT_TARGET = 11.3;
				MTL_ENABLE_DEBUG_INFO = NO;
				SDKROOT = iphoneos;
				SWIFT_COMPILATION_MODE = wholemodule;
				SWIFT_OPTIMIZATION_LEVEL = "-O";
				VALIDATE_PRODUCT = YES;
			};
			name = Release;
		};
		49559DBA219CEFE20010FDE0 /* Debug */ = {
			isa = XCBuildConfiguration;
			buildSettings = {
				ASSETCATALOG_COMPILER_APPICON_NAME = AppIcon;
				CODE_SIGN_STYLE = Automatic;
				INFOPLIST_FILE = ShareMe/Info.plist;
				LD_RUNPATH_SEARCH_PATHS = (
					"$(inherited)",
					"@executable_path/Frameworks",
				);
				PRODUCT_BUNDLE_IDENTIFIER = edu.ilstu.Julian.ShareMe;
				PRODUCT_NAME = "$(TARGET_NAME)";
				SWIFT_VERSION = 4.0;
				TARGETED_DEVICE_FAMILY = "1,2";
			};
			name = Debug;
		};
		49559DBB219CEFE20010FDE0 /* Release */ = {
			isa = XCBuildConfiguration;
			buildSettings = {
				ASSETCATALOG_COMPILER_APPICON_NAME = AppIcon;
				CODE_SIGN_STYLE = Automatic;
				INFOPLIST_FILE = ShareMe/Info.plist;
				LD_RUNPATH_SEARCH_PATHS = (
					"$(inherited)",
					"@executable_path/Frameworks",
				);
				PRODUCT_BUNDLE_IDENTIFIER = edu.ilstu.Julian.ShareMe;
				PRODUCT_NAME = "$(TARGET_NAME)";
				SWIFT_VERSION = 4.0;
				TARGETED_DEVICE_FAMILY = "1,2";
			};
			name = Release;
		};
		49559DBD219CEFE20010FDE0 /* Debug */ = {
			isa = XCBuildConfiguration;
			buildSettings = {
				ALWAYS_EMBED_SWIFT_STANDARD_LIBRARIES = YES;
				BUNDLE_LOADER = "$(TEST_HOST)";
				CODE_SIGN_STYLE = Automatic;
				INFOPLIST_FILE = ShareMeTests/Info.plist;
				LD_RUNPATH_SEARCH_PATHS = (
					"$(inherited)",
					"@executable_path/Frameworks",
					"@loader_path/Frameworks",
				);
				PRODUCT_BUNDLE_IDENTIFIER = edu.ilstu.Julian.ShareMeTests;
				PRODUCT_NAME = "$(TARGET_NAME)";
				SWIFT_VERSION = 4.0;
				TARGETED_DEVICE_FAMILY = "1,2";
				TEST_HOST = "$(BUILT_PRODUCTS_DIR)/ShareMe.app/ShareMe";
			};
			name = Debug;
		};
		49559DBE219CEFE20010FDE0 /* Release */ = {
			isa = XCBuildConfiguration;
			buildSettings = {
				ALWAYS_EMBED_SWIFT_STANDARD_LIBRARIES = YES;
				BUNDLE_LOADER = "$(TEST_HOST)";
				CODE_SIGN_STYLE = Automatic;
				INFOPLIST_FILE = ShareMeTests/Info.plist;
				LD_RUNPATH_SEARCH_PATHS = (
					"$(inherited)",
					"@executable_path/Frameworks",
					"@loader_path/Frameworks",
				);
				PRODUCT_BUNDLE_IDENTIFIER = edu.ilstu.Julian.ShareMeTests;
				PRODUCT_NAME = "$(TARGET_NAME)";
				SWIFT_VERSION = 4.0;
				TARGETED_DEVICE_FAMILY = "1,2";
				TEST_HOST = "$(BUILT_PRODUCTS_DIR)/ShareMe.app/ShareMe";
			};
			name = Release;
		};
		49559DC0219CEFE20010FDE0 /* Debug */ = {
			isa = XCBuildConfiguration;
			buildSettings = {
				ALWAYS_EMBED_SWIFT_STANDARD_LIBRARIES = YES;
				CODE_SIGN_STYLE = Automatic;
				INFOPLIST_FILE = ShareMeUITests/Info.plist;
				LD_RUNPATH_SEARCH_PATHS = (
					"$(inherited)",
					"@executable_path/Frameworks",
					"@loader_path/Frameworks",
				);
				PRODUCT_BUNDLE_IDENTIFIER = edu.ilstu.Julian.ShareMeUITests;
				PRODUCT_NAME = "$(TARGET_NAME)";
				SWIFT_VERSION = 4.0;
				TARGETED_DEVICE_FAMILY = "1,2";
				TEST_TARGET_NAME = ShareMe;
			};
			name = Debug;
		};
		49559DC1219CEFE20010FDE0 /* Release */ = {
			isa = XCBuildConfiguration;
			buildSettings = {
				ALWAYS_EMBED_SWIFT_STANDARD_LIBRARIES = YES;
				CODE_SIGN_STYLE = Automatic;
				INFOPLIST_FILE = ShareMeUITests/Info.plist;
				LD_RUNPATH_SEARCH_PATHS = (
					"$(inherited)",
					"@executable_path/Frameworks",
					"@loader_path/Frameworks",
				);
				PRODUCT_BUNDLE_IDENTIFIER = edu.ilstu.Julian.ShareMeUITests;
				PRODUCT_NAME = "$(TARGET_NAME)";
				SWIFT_VERSION = 4.0;
				TARGETED_DEVICE_FAMILY = "1,2";
				TEST_TARGET_NAME = ShareMe;
			};
			name = Release;
		};
/* End XCBuildConfiguration section */

/* Begin XCConfigurationList section */
		49559D8C219CEFE00010FDE0 /* Build configuration list for PBXProject "ShareMe" */ = {
			isa = XCConfigurationList;
			buildConfigurations = (
				49559DB7219CEFE20010FDE0 /* Debug */,
				49559DB8219CEFE20010FDE0 /* Release */,
			);
			defaultConfigurationIsVisible = 0;
			defaultConfigurationName = Release;
		};
		49559DB9219CEFE20010FDE0 /* Build configuration list for PBXNativeTarget "ShareMe" */ = {
			isa = XCConfigurationList;
			buildConfigurations = (
				49559DBA219CEFE20010FDE0 /* Debug */,
				49559DBB219CEFE20010FDE0 /* Release */,
			);
			defaultConfigurationIsVisible = 0;
			defaultConfigurationName = Release;
		};
		49559DBC219CEFE20010FDE0 /* Build configuration list for PBXNativeTarget "ShareMeTests" */ = {
			isa = XCConfigurationList;
			buildConfigurations = (
				49559DBD219CEFE20010FDE0 /* Debug */,
				49559DBE219CEFE20010FDE0 /* Release */,
			);
			defaultConfigurationIsVisible = 0;
			defaultConfigurationName = Release;
		};
		49559DBF219CEFE20010FDE0 /* Build configuration list for PBXNativeTarget "ShareMeUITests" */ = {
			isa = XCConfigurationList;
			buildConfigurations = (
				49559DC0219CEFE20010FDE0 /* Debug */,
				49559DC1219CEFE20010FDE0 /* Release */,
			);
			defaultConfigurationIsVisible = 0;
			defaultConfigurationName = Release;
		};
/* End XCConfigurationList section */
	};
	rootObject = 49559D89219CEFE00010FDE0 /* Project object */;
}
